// !$*UTF8*$!
{
	archiveVersion = 1;
	classes = {
	};
	objectVersion = 55;
	objects = {

/* Begin PBXBuildFile section */
		5091BC9A27980FC2000E0596 /* AppDelegate.swift in Sources */ = {isa = PBXBuildFile; fileRef = 5091BC9927980FC2000E0596 /* AppDelegate.swift */; };
		5091BC9C27980FC2000E0596 /* SceneDelegate.swift in Sources */ = {isa = PBXBuildFile; fileRef = 5091BC9B27980FC2000E0596 /* SceneDelegate.swift */; };
		5091BC9E27980FC2000E0596 /* ViperViewController.swift in Sources */ = {isa = PBXBuildFile; fileRef = 5091BC9D27980FC2000E0596 /* ViperViewController.swift */; };
		5091BCA327980FC4000E0596 /* Assets.xcassets in Resources */ = {isa = PBXBuildFile; fileRef = 5091BCA227980FC4000E0596 /* Assets.xcassets */; };
		5091BCA627980FC4000E0596 /* LaunchScreen.storyboard in Resources */ = {isa = PBXBuildFile; fileRef = 5091BCA427980FC4000E0596 /* LaunchScreen.storyboard */; };
		5091BCAE279811B1000E0596 /* ViewExtension.swift in Sources */ = {isa = PBXBuildFile; fileRef = 5091BCAD279811B1000E0596 /* ViewExtension.swift */; };
		5091BCB0279811E7000E0596 /* ViperModelImplementaion.swift in Sources */ = {isa = PBXBuildFile; fileRef = 5091BCAF279811E7000E0596 /* ViperModelImplementaion.swift */; };
		5091BCB22798126B000E0596 /* DefaultCell.swift in Sources */ = {isa = PBXBuildFile; fileRef = 5091BCB12798126B000E0596 /* DefaultCell.swift */; };
		5091BCB42798129D000E0596 /* CellWithSwitch.swift in Sources */ = {isa = PBXBuildFile; fileRef = 5091BCB32798129D000E0596 /* CellWithSwitch.swift */; };
		50ADBD4D27999B3D003949EA /* ViperView.swift in Sources */ = {isa = PBXBuildFile; fileRef = 50ADBD4C27999B3D003949EA /* ViperView.swift */; };
		50ADBD4F279AD928003949EA /* Data.swift in Sources */ = {isa = PBXBuildFile; fileRef = 50ADBD4E279AD928003949EA /* Data.swift */; };
		50ADBD59279C48AF003949EA /* ViperPresenter.swift in Sources */ = {isa = PBXBuildFile; fileRef = 50ADBD58279C48AF003949EA /* ViperPresenter.swift */; };
		50ADBD5B279C567B003949EA /* ViperAssembly.swift in Sources */ = {isa = PBXBuildFile; fileRef = 50ADBD5A279C567B003949EA /* ViperAssembly.swift */; };
		50ADBD5E279D4B30003949EA /* ViperViewSettings.swift in Sources */ = {isa = PBXBuildFile; fileRef = 50ADBD5D279D4B30003949EA /* ViperViewSettings.swift */; };
		50ADBD61279D78FC003949EA /* ViperViewInput.swift in Sources */ = {isa = PBXBuildFile; fileRef = 50ADBD60279D78FC003949EA /* ViperViewInput.swift */; };
		50ADBD63279D7928003949EA /* ViperViewOutput.swift in Sources */ = {isa = PBXBuildFile; fileRef = 50ADBD62279D7928003949EA /* ViperViewOutput.swift */; };
		50ADBD66279D7A49003949EA /* ViperInteractor.swift in Sources */ = {isa = PBXBuildFile; fileRef = 50ADBD65279D7A49003949EA /* ViperInteractor.swift */; };
		50ADBD68279D7A5A003949EA /* ViperInteractorOutput.swift in Sources */ = {isa = PBXBuildFile; fileRef = 50ADBD67279D7A5A003949EA /* ViperInteractorOutput.swift */; };
		50ADBD6A279D7A69003949EA /* ViperInteractorInput.swift in Sources */ = {isa = PBXBuildFile; fileRef = 50ADBD69279D7A69003949EA /* ViperInteractorInput.swift */; };
		50ADBD6E279D7ADF003949EA /* ViperRouter.swift in Sources */ = {isa = PBXBuildFile; fileRef = 50ADBD6D279D7ADF003949EA /* ViperRouter.swift */; };
		50ADBD70279D7AFE003949EA /* ViperRouterInput.swift in Sources */ = {isa = PBXBuildFile; fileRef = 50ADBD6F279D7AFE003949EA /* ViperRouterInput.swift */; };
/* End PBXBuildFile section */

/* Begin PBXFileReference section */
		5091BC9627980FC2000E0596 /* UITableExample.app */ = {isa = PBXFileReference; explicitFileType = wrapper.application; includeInIndex = 0; path = UITableExample.app; sourceTree = BUILT_PRODUCTS_DIR; };
		5091BC9927980FC2000E0596 /* AppDelegate.swift */ = {isa = PBXFileReference; lastKnownFileType = sourcecode.swift; path = AppDelegate.swift; sourceTree = "<group>"; };
		5091BC9B27980FC2000E0596 /* SceneDelegate.swift */ = {isa = PBXFileReference; lastKnownFileType = sourcecode.swift; path = SceneDelegate.swift; sourceTree = "<group>"; };
		5091BC9D27980FC2000E0596 /* ViperViewController.swift */ = {isa = PBXFileReference; lastKnownFileType = sourcecode.swift; path = ViperViewController.swift; sourceTree = "<group>"; };
		5091BCA227980FC4000E0596 /* Assets.xcassets */ = {isa = PBXFileReference; lastKnownFileType = folder.assetcatalog; path = Assets.xcassets; sourceTree = "<group>"; };
		5091BCA527980FC4000E0596 /* Base */ = {isa = PBXFileReference; lastKnownFileType = file.storyboard; name = Base; path = Base.lproj/LaunchScreen.storyboard; sourceTree = "<group>"; };
		5091BCA727980FC4000E0596 /* Info.plist */ = {isa = PBXFileReference; lastKnownFileType = text.plist.xml; path = Info.plist; sourceTree = "<group>"; };
		5091BCAD279811B1000E0596 /* ViewExtension.swift */ = {isa = PBXFileReference; lastKnownFileType = sourcecode.swift; path = ViewExtension.swift; sourceTree = "<group>"; };
		5091BCAF279811E7000E0596 /* ViperModelImplementaion.swift */ = {isa = PBXFileReference; lastKnownFileType = sourcecode.swift; path = ViperModelImplementaion.swift; sourceTree = "<group>"; };
		5091BCB12798126B000E0596 /* DefaultCell.swift */ = {isa = PBXFileReference; lastKnownFileType = sourcecode.swift; path = DefaultCell.swift; sourceTree = "<group>"; };
		5091BCB32798129D000E0596 /* CellWithSwitch.swift */ = {isa = PBXFileReference; lastKnownFileType = sourcecode.swift; path = CellWithSwitch.swift; sourceTree = "<group>"; };
		50ADBD4C27999B3D003949EA /* ViperView.swift */ = {isa = PBXFileReference; lastKnownFileType = sourcecode.swift; path = ViperView.swift; sourceTree = "<group>"; };
		50ADBD4E279AD928003949EA /* Data.swift */ = {isa = PBXFileReference; lastKnownFileType = sourcecode.swift; path = Data.swift; sourceTree = "<group>"; };
		50ADBD58279C48AF003949EA /* ViperPresenter.swift */ = {isa = PBXFileReference; lastKnownFileType = sourcecode.swift; path = ViperPresenter.swift; sourceTree = "<group>"; };
		50ADBD5A279C567B003949EA /* ViperAssembly.swift */ = {isa = PBXFileReference; lastKnownFileType = sourcecode.swift; path = ViperAssembly.swift; sourceTree = "<group>"; };
		50ADBD5D279D4B30003949EA /* ViperViewSettings.swift */ = {isa = PBXFileReference; lastKnownFileType = sourcecode.swift; path = ViperViewSettings.swift; sourceTree = "<group>"; };
		50ADBD60279D78FC003949EA /* ViperViewInput.swift */ = {isa = PBXFileReference; lastKnownFileType = sourcecode.swift; path = ViperViewInput.swift; sourceTree = "<group>"; };
		50ADBD62279D7928003949EA /* ViperViewOutput.swift */ = {isa = PBXFileReference; lastKnownFileType = sourcecode.swift; path = ViperViewOutput.swift; sourceTree = "<group>"; };
		50ADBD65279D7A49003949EA /* ViperInteractor.swift */ = {isa = PBXFileReference; lastKnownFileType = sourcecode.swift; path = ViperInteractor.swift; sourceTree = "<group>"; };
		50ADBD67279D7A5A003949EA /* ViperInteractorOutput.swift */ = {isa = PBXFileReference; lastKnownFileType = sourcecode.swift; path = ViperInteractorOutput.swift; sourceTree = "<group>"; };
		50ADBD69279D7A69003949EA /* ViperInteractorInput.swift */ = {isa = PBXFileReference; lastKnownFileType = sourcecode.swift; path = ViperInteractorInput.swift; sourceTree = "<group>"; };
		50ADBD6D279D7ADF003949EA /* ViperRouter.swift */ = {isa = PBXFileReference; lastKnownFileType = sourcecode.swift; path = ViperRouter.swift; sourceTree = "<group>"; };
		50ADBD6F279D7AFE003949EA /* ViperRouterInput.swift */ = {isa = PBXFileReference; lastKnownFileType = sourcecode.swift; path = ViperRouterInput.swift; sourceTree = "<group>"; };
/* End PBXFileReference section */

/* Begin PBXFrameworksBuildPhase section */
		5091BC9327980FC2000E0596 /* Frameworks */ = {
			isa = PBXFrameworksBuildPhase;
			buildActionMask = 2147483647;
			files = (
			);
			runOnlyForDeploymentPostprocessing = 0;
		};
/* End PBXFrameworksBuildPhase section */

/* Begin PBXGroup section */
		5091BC8D27980FC2000E0596 = {
			isa = PBXGroup;
			children = (
				5091BC9827980FC2000E0596 /* UITableExample */,
				5091BC9727980FC2000E0596 /* Products */,
			);
			sourceTree = "<group>";
		};
		5091BC9727980FC2000E0596 /* Products */ = {
			isa = PBXGroup;
			children = (
				5091BC9627980FC2000E0596 /* UITableExample.app */,
			);
			name = Products;
			sourceTree = "<group>";
		};
		5091BC9827980FC2000E0596 /* UITableExample */ = {
			isa = PBXGroup;
			children = (
				50ADBD452799956E003949EA /* Resources */,
				50ADBD4327999550003949EA /* Sources */,
			);
			path = UITableExample;
			sourceTree = "<group>";
		};
		5091BCB5279812B8000E0596 /* Cells */ = {
			isa = PBXGroup;
			children = (
				5091BCB12798126B000E0596 /* DefaultCell.swift */,
				5091BCB32798129D000E0596 /* CellWithSwitch.swift */,
			);
			path = Cells;
			sourceTree = "<group>";
		};
		50ADBD4327999550003949EA /* Sources */ = {
			isa = PBXGroup;
			children = (
				50ADBD6B279D7AB0003949EA /* Router */,
				50ADBD64279D7A35003949EA /* Interactor */,
				50ADBD5F279D5D73003949EA /* Assembly */,
				50ADBD57279C4552003949EA /* Presenter */,
				50ADBD4A27999686003949EA /* View */,
				50ADBD4927999662003949EA /* Model */,
				50ADBD47279995E0003949EA /* App */,
			);
			path = Sources;
			sourceTree = "<group>";
		};
		50ADBD452799956E003949EA /* Resources */ = {
			isa = PBXGroup;
			children = (
				5091BCA227980FC4000E0596 /* Assets.xcassets */,
				5091BCA427980FC4000E0596 /* LaunchScreen.storyboard */,
				5091BCA727980FC4000E0596 /* Info.plist */,
			);
			path = Resources;
			sourceTree = "<group>";
		};
		50ADBD47279995E0003949EA /* App */ = {
			isa = PBXGroup;
			children = (
				5091BC9B27980FC2000E0596 /* SceneDelegate.swift */,
				5091BC9927980FC2000E0596 /* AppDelegate.swift */,
			);
			path = App;
			sourceTree = "<group>";
		};
		50ADBD4927999662003949EA /* Model */ = {
			isa = PBXGroup;
			children = (
				5091BCAF279811E7000E0596 /* ViperModelImplementaion.swift */,
				50ADBD4E279AD928003949EA /* Data.swift */,
			);
			path = Model;
			sourceTree = "<group>";
		};
		50ADBD4A27999686003949EA /* View */ = {
			isa = PBXGroup;
			children = (
				50ADBD5C279D4ABB003949EA /* Navigation */,
				5091BCB5279812B8000E0596 /* Cells */,
				5091BCAD279811B1000E0596 /* ViewExtension.swift */,
				50ADBD4C27999B3D003949EA /* ViperView.swift */,
				5091BC9D27980FC2000E0596 /* ViperViewController.swift */,
				50ADBD60279D78FC003949EA /* ViperViewInput.swift */,
				50ADBD62279D7928003949EA /* ViperViewOutput.swift */,
			);
			path = View;
			sourceTree = "<group>";
		};
		50ADBD57279C4552003949EA /* Presenter */ = {
			isa = PBXGroup;
			children = (
				50ADBD58279C48AF003949EA /* ViperPresenter.swift */,
			);
			path = Presenter;
			sourceTree = "<group>";
		};
		50ADBD5C279D4ABB003949EA /* Navigation */ = {
			isa = PBXGroup;
			children = (
				50ADBD5D279D4B30003949EA /* ViperViewSettings.swift */,
			);
			path = Navigation;
			sourceTree = "<group>";
		};
		50ADBD5F279D5D73003949EA /* Assembly */ = {
			isa = PBXGroup;
			children = (
				50ADBD5A279C567B003949EA /* ViperAssembly.swift */,
			);
			path = Assembly;
			sourceTree = "<group>";
		};
		50ADBD64279D7A35003949EA /* Interactor */ = {
			isa = PBXGroup;
			children = (
				50ADBD65279D7A49003949EA /* ViperInteractor.swift */,
				50ADBD69279D7A69003949EA /* ViperInteractorInput.swift */,
				50ADBD67279D7A5A003949EA /* ViperInteractorOutput.swift */,
			);
			path = Interactor;
			sourceTree = "<group>";
		};
		50ADBD6B279D7AB0003949EA /* Router */ = {
			isa = PBXGroup;
			children = (
				50ADBD6D279D7ADF003949EA /* ViperRouter.swift */,
				50ADBD6F279D7AFE003949EA /* ViperRouterInput.swift */,
			);
			path = Router;
			sourceTree = "<group>";
		};
/* End PBXGroup section */

/* Begin PBXNativeTarget section */
		5091BC9527980FC2000E0596 /* UITableExample */ = {
			isa = PBXNativeTarget;
			buildConfigurationList = 5091BCAA27980FC4000E0596 /* Build configuration list for PBXNativeTarget "UITableExample" */;
			buildPhases = (
				5091BC9227980FC2000E0596 /* Sources */,
				5091BC9327980FC2000E0596 /* Frameworks */,
				5091BC9427980FC2000E0596 /* Resources */,
			);
			buildRules = (
			);
			dependencies = (
			);
			name = UITableExample;
			productName = UITableExample;
			productReference = 5091BC9627980FC2000E0596 /* UITableExample.app */;
			productType = "com.apple.product-type.application";
		};
/* End PBXNativeTarget section */

/* Begin PBXProject section */
		5091BC8E27980FC2000E0596 /* Project object */ = {
			isa = PBXProject;
			attributes = {
				BuildIndependentTargetsInParallel = 1;
				LastSwiftUpdateCheck = 1310;
				LastUpgradeCheck = 1310;
				TargetAttributes = {
					5091BC9527980FC2000E0596 = {
						CreatedOnToolsVersion = 13.1;
					};
				};
			};
			buildConfigurationList = 5091BC9127980FC2000E0596 /* Build configuration list for PBXProject "UITableExample" */;
			compatibilityVersion = "Xcode 13.0";
			developmentRegion = en;
			hasScannedForEncodings = 0;
			knownRegions = (
				en,
				Base,
			);
			mainGroup = 5091BC8D27980FC2000E0596;
			productRefGroup = 5091BC9727980FC2000E0596 /* Products */;
			projectDirPath = "";
			projectRoot = "";
			targets = (
				5091BC9527980FC2000E0596 /* UITableExample */,
			);
		};
/* End PBXProject section */

/* Begin PBXResourcesBuildPhase section */
		5091BC9427980FC2000E0596 /* Resources */ = {
			isa = PBXResourcesBuildPhase;
			buildActionMask = 2147483647;
			files = (
				5091BCA627980FC4000E0596 /* LaunchScreen.storyboard in Resources */,
				5091BCA327980FC4000E0596 /* Assets.xcassets in Resources */,
			);
			runOnlyForDeploymentPostprocessing = 0;
		};
/* End PBXResourcesBuildPhase section */

/* Begin PBXSourcesBuildPhase section */
		5091BC9227980FC2000E0596 /* Sources */ = {
			isa = PBXSourcesBuildPhase;
			buildActionMask = 2147483647;
			files = (
				50ADBD63279D7928003949EA /* ViperViewOutput.swift in Sources */,
				50ADBD5E279D4B30003949EA /* ViperViewSettings.swift in Sources */,
				50ADBD70279D7AFE003949EA /* ViperRouterInput.swift in Sources */,
				50ADBD59279C48AF003949EA /* ViperPresenter.swift in Sources */,
				50ADBD5B279C567B003949EA /* ViperAssembly.swift in Sources */,
				50ADBD6E279D7ADF003949EA /* ViperRouter.swift in Sources */,
				5091BC9E27980FC2000E0596 /* ViperViewController.swift in Sources */,
				50ADBD6A279D7A69003949EA /* ViperInteractorInput.swift in Sources */,
				5091BCB0279811E7000E0596 /* ViperModelImplementaion.swift in Sources */,
				5091BC9A27980FC2000E0596 /* AppDelegate.swift in Sources */,
				5091BCB42798129D000E0596 /* CellWithSwitch.swift in Sources */,
				50ADBD61279D78FC003949EA /* ViperViewInput.swift in Sources */,
				5091BC9C27980FC2000E0596 /* SceneDelegate.swift in Sources */,
				50ADBD4D27999B3D003949EA /* ViperView.swift in Sources */,
				5091BCB22798126B000E0596 /* DefaultCell.swift in Sources */,
				50ADBD66279D7A49003949EA /* ViperInteractor.swift in Sources */,
				50ADBD68279D7A5A003949EA /* ViperInteractorOutput.swift in Sources */,
				50ADBD4F279AD928003949EA /* Data.swift in Sources */,
				5091BCAE279811B1000E0596 /* ViewExtension.swift in Sources */,
			);
			runOnlyForDeploymentPostprocessing = 0;
		};
/* End PBXSourcesBuildPhase section */

/* Begin PBXVariantGroup section */
		5091BCA427980FC4000E0596 /* LaunchScreen.storyboard */ = {
			isa = PBXVariantGroup;
			children = (
				5091BCA527980FC4000E0596 /* Base */,
			);
			name = LaunchScreen.storyboard;
			sourceTree = "<group>";
		};
/* End PBXVariantGroup section */

/* Begin XCBuildConfiguration section */
		5091BCA827980FC4000E0596 /* Debug */ = {
			isa = XCBuildConfiguration;
			buildSettings = {
				ALWAYS_SEARCH_USER_PATHS = NO;
				CLANG_ANALYZER_NONNULL = YES;
				CLANG_ANALYZER_NUMBER_OBJECT_CONVERSION = YES_AGGRESSIVE;
				CLANG_CXX_LANGUAGE_STANDARD = "gnu++17";
				CLANG_CXX_LIBRARY = "libc++";
				CLANG_ENABLE_MODULES = YES;
				CLANG_ENABLE_OBJC_ARC = YES;
				CLANG_ENABLE_OBJC_WEAK = YES;
				CLANG_WARN_BLOCK_CAPTURE_AUTORELEASING = YES;
				CLANG_WARN_BOOL_CONVERSION = YES;
				CLANG_WARN_COMMA = YES;
				CLANG_WARN_CONSTANT_CONVERSION = YES;
				CLANG_WARN_DEPRECATED_OBJC_IMPLEMENTATIONS = YES;
				CLANG_WARN_DIRECT_OBJC_ISA_USAGE = YES_ERROR;
				CLANG_WARN_DOCUMENTATION_COMMENTS = YES;
				CLANG_WARN_EMPTY_BODY = YES;
				CLANG_WARN_ENUM_CONVERSION = YES;
				CLANG_WARN_INFINITE_RECURSION = YES;
				CLANG_WARN_INT_CONVERSION = YES;
				CLANG_WARN_NON_LITERAL_NULL_CONVERSION = YES;
				CLANG_WARN_OBJC_IMPLICIT_RETAIN_SELF = YES;
				CLANG_WARN_OBJC_LITERAL_CONVERSION = YES;
				CLANG_WARN_OBJC_ROOT_CLASS = YES_ERROR;
				CLANG_WARN_QUOTED_INCLUDE_IN_FRAMEWORK_HEADER = YES;
				CLANG_WARN_RANGE_LOOP_ANALYSIS = YES;
				CLANG_WARN_STRICT_PROTOTYPES = YES;
				CLANG_WARN_SUSPICIOUS_MOVE = YES;
				CLANG_WARN_UNGUARDED_AVAILABILITY = YES_AGGRESSIVE;
				CLANG_WARN_UNREACHABLE_CODE = YES;
				CLANG_WARN__DUPLICATE_METHOD_MATCH = YES;
				COPY_PHASE_STRIP = NO;
				DEBUG_INFORMATION_FORMAT = dwarf;
				ENABLE_STRICT_OBJC_MSGSEND = YES;
				ENABLE_TESTABILITY = YES;
				GCC_C_LANGUAGE_STANDARD = gnu11;
				GCC_DYNAMIC_NO_PIC = NO;
				GCC_NO_COMMON_BLOCKS = YES;
				GCC_OPTIMIZATION_LEVEL = 0;
				GCC_PREPROCESSOR_DEFINITIONS = (
					"DEBUG=1",
					"$(inherited)",
				);
				GCC_WARN_64_TO_32_BIT_CONVERSION = YES;
				GCC_WARN_ABOUT_RETURN_TYPE = YES_ERROR;
				GCC_WARN_UNDECLARED_SELECTOR = YES;
				GCC_WARN_UNINITIALIZED_AUTOS = YES_AGGRESSIVE;
				GCC_WARN_UNUSED_FUNCTION = YES;
				GCC_WARN_UNUSED_VARIABLE = YES;
				IPHONEOS_DEPLOYMENT_TARGET = 15.0;
				MTL_ENABLE_DEBUG_INFO = INCLUDE_SOURCE;
				MTL_FAST_MATH = YES;
				ONLY_ACTIVE_ARCH = YES;
				SDKROOT = iphoneos;
				SWIFT_ACTIVE_COMPILATION_CONDITIONS = DEBUG;
				SWIFT_OPTIMIZATION_LEVEL = "-Onone";
			};
			name = Debug;
		};
		5091BCA927980FC4000E0596 /* Release */ = {
			isa = XCBuildConfiguration;
			buildSettings = {
				ALWAYS_SEARCH_USER_PATHS = NO;
				CLANG_ANALYZER_NONNULL = YES;
				CLANG_ANALYZER_NUMBER_OBJECT_CONVERSION = YES_AGGRESSIVE;
				CLANG_CXX_LANGUAGE_STANDARD = "gnu++17";
				CLANG_CXX_LIBRARY = "libc++";
				CLANG_ENABLE_MODULES = YES;
				CLANG_ENABLE_OBJC_ARC = YES;
				CLANG_ENABLE_OBJC_WEAK = YES;
				CLANG_WARN_BLOCK_CAPTURE_AUTORELEASING = YES;
				CLANG_WARN_BOOL_CONVERSION = YES;
				CLANG_WARN_COMMA = YES;
				CLANG_WARN_CONSTANT_CONVERSION = YES;
				CLANG_WARN_DEPRECATED_OBJC_IMPLEMENTATIONS = YES;
				CLANG_WARN_DIRECT_OBJC_ISA_USAGE = YES_ERROR;
				CLANG_WARN_DOCUMENTATION_COMMENTS = YES;
				CLANG_WARN_EMPTY_BODY = YES;
				CLANG_WARN_ENUM_CONVERSION = YES;
				CLANG_WARN_INFINITE_RECURSION = YES;
				CLANG_WARN_INT_CONVERSION = YES;
				CLANG_WARN_NON_LITERAL_NULL_CONVERSION = YES;
				CLANG_WARN_OBJC_IMPLICIT_RETAIN_SELF = YES;
				CLANG_WARN_OBJC_LITERAL_CONVERSION = YES;
				CLANG_WARN_OBJC_ROOT_CLASS = YES_ERROR;
				CLANG_WARN_QUOTED_INCLUDE_IN_FRAMEWORK_HEADER = YES;
				CLANG_WARN_RANGE_LOOP_ANALYSIS = YES;
				CLANG_WARN_STRICT_PROTOTYPES = YES;
				CLANG_WARN_SUSPICIOUS_MOVE = YES;
				CLANG_WARN_UNGUARDED_AVAILABILITY = YES_AGGRESSIVE;
				CLANG_WARN_UNREACHABLE_CODE = YES;
				CLANG_WARN__DUPLICATE_METHOD_MATCH = YES;
				COPY_PHASE_STRIP = NO;
				DEBUG_INFORMATION_FORMAT = "dwarf-with-dsym";
				ENABLE_NS_ASSERTIONS = NO;
				ENABLE_STRICT_OBJC_MSGSEND = YES;
				GCC_C_LANGUAGE_STANDARD = gnu11;
				GCC_NO_COMMON_BLOCKS = YES;
				GCC_WARN_64_TO_32_BIT_CONVERSION = YES;
				GCC_WARN_ABOUT_RETURN_TYPE = YES_ERROR;
				GCC_WARN_UNDECLARED_SELECTOR = YES;
				GCC_WARN_UNINITIALIZED_AUTOS = YES_AGGRESSIVE;
				GCC_WARN_UNUSED_FUNCTION = YES;
				GCC_WARN_UNUSED_VARIABLE = YES;
				IPHONEOS_DEPLOYMENT_TARGET = 15.0;
				MTL_ENABLE_DEBUG_INFO = NO;
				MTL_FAST_MATH = YES;
				SDKROOT = iphoneos;
				SWIFT_COMPILATION_MODE = wholemodule;
				SWIFT_OPTIMIZATION_LEVEL = "-O";
				VALIDATE_PRODUCT = YES;
			};
			name = Release;
		};
		5091BCAB27980FC4000E0596 /* Debug */ = {
			isa = XCBuildConfiguration;
			buildSettings = {
				ASSETCATALOG_COMPILER_APPICON_NAME = AppIcon;
				ASSETCATALOG_COMPILER_GLOBAL_ACCENT_COLOR_NAME = AccentColor;
				CODE_SIGN_STYLE = Automatic;
				CURRENT_PROJECT_VERSION = 1;
				DEVELOPMENT_TEAM = FDBZUND9QN;
				GENERATE_INFOPLIST_FILE = YES;
				INFOPLIST_FILE = UITableExample/Resources/Info.plist;
				INFOPLIST_KEY_UIApplicationSupportsIndirectInputEvents = YES;
				INFOPLIST_KEY_UILaunchStoryboardName = LaunchScreen;
				INFOPLIST_KEY_UISupportedInterfaceOrientations_iPad = "UIInterfaceOrientationPortrait UIInterfaceOrientationPortraitUpsideDown UIInterfaceOrientationLandscapeLeft UIInterfaceOrientationLandscapeRight";
				INFOPLIST_KEY_UISupportedInterfaceOrientations_iPhone = "UIInterfaceOrientationPortrait UIInterfaceOrientationLandscapeLeft UIInterfaceOrientationLandscapeRight";
				LD_RUNPATH_SEARCH_PATHS = (
					"$(inherited)",
					"@executable_path/Frameworks",
				);
				MARKETING_VERSION = 1.0;
				PRODUCT_BUNDLE_IDENTIFIER = com.my.UITableExample;
				PRODUCT_NAME = "$(TARGET_NAME)";
				SWIFT_EMIT_LOC_STRINGS = YES;
				SWIFT_VERSION = 5.0;
				TARGETED_DEVICE_FAMILY = "1,2";
			};
			name = Debug;
		};
		5091BCAC27980FC4000E0596 /* Release */ = {
			isa = XCBuildConfiguration;
			buildSettings = {
				ASSETCATALOG_COMPILER_APPICON_NAME = AppIcon;
				ASSETCATALOG_COMPILER_GLOBAL_ACCENT_COLOR_NAME = AccentColor;
				CODE_SIGN_STYLE = Automatic;
				CURRENT_PROJECT_VERSION = 1;
				DEVELOPMENT_TEAM = FDBZUND9QN;
				GENERATE_INFOPLIST_FILE = YES;
				INFOPLIST_FILE = UITableExample/Resources/Info.plist;
				INFOPLIST_KEY_UIApplicationSupportsIndirectInputEvents = YES;
				INFOPLIST_KEY_UILaunchStoryboardName = LaunchScreen;
				INFOPLIST_KEY_UISupportedInterfaceOrientations_iPad = "UIInterfaceOrientationPortrait UIInterfaceOrientationPortraitUpsideDown UIInterfaceOrientationLandscapeLeft UIInterfaceOrientationLandscapeRight";
				INFOPLIST_KEY_UISupportedInterfaceOrientations_iPhone = "UIInterfaceOrientationPortrait UIInterfaceOrientationLandscapeLeft UIInterfaceOrientationLandscapeRight";
				LD_RUNPATH_SEARCH_PATHS = (
					"$(inherited)",
					"@executable_path/Frameworks",
				);
				MARKETING_VERSION = 1.0;
				PRODUCT_BUNDLE_IDENTIFIER = com.my.UITableExample;
				PRODUCT_NAME = "$(TARGET_NAME)";
				SWIFT_EMIT_LOC_STRINGS = YES;
				SWIFT_VERSION = 5.0;
				TARGETED_DEVICE_FAMILY = "1,2";
			};
			name = Release;
		};
/* End XCBuildConfiguration section */

/* Begin XCConfigurationList section */
		5091BC9127980FC2000E0596 /* Build configuration list for PBXProject "UITableExample" */ = {
			isa = XCConfigurationList;
			buildConfigurations = (
				5091BCA827980FC4000E0596 /* Debug */,
				5091BCA927980FC4000E0596 /* Release */,
			);
			defaultConfigurationIsVisible = 0;
			defaultConfigurationName = Release;
		};
		5091BCAA27980FC4000E0596 /* Build configuration list for PBXNativeTarget "UITableExample" */ = {
			isa = XCConfigurationList;
			buildConfigurations = (
				5091BCAB27980FC4000E0596 /* Debug */,
				5091BCAC27980FC4000E0596 /* Release */,
			);
			defaultConfigurationIsVisible = 0;
			defaultConfigurationName = Release;
		};
/* End XCConfigurationList section */
	};
	rootObject = 5091BC8E27980FC2000E0596 /* Project object */;
}
